// !$*UTF8*$!
{
	archiveVersion = 1;
	classes = {
	};
	objectVersion = 51;
	objects = {

/* Begin PBXBuildFile section */
		6B99307EBCA8C55F773E204A /* Pods_BilimCentre.framework in Frameworks */ = {isa = PBXBuildFile; fileRef = 9669C2DA28A3EBC5F556A45E /* Pods_BilimCentre.framework */; };
		881511C824C8A86E002EBD60 /* SWRevealViewController.m in Sources */ = {isa = PBXBuildFile; fileRef = 881511C724C8A86E002EBD60 /* SWRevealViewController.m */; };
		881511CA24C8A9DE002EBD60 /* SideBarTableViewController.swift in Sources */ = {isa = PBXBuildFile; fileRef = 881511C924C8A9DE002EBD60 /* SideBarTableViewController.swift */; };
		881511CC24C8ABCD002EBD60 /* SideBarController.swift in Sources */ = {isa = PBXBuildFile; fileRef = 881511CB24C8ABCD002EBD60 /* SideBarController.swift */; };
		88472C5324C5A08E00873241 /* AppDelegate.swift in Sources */ = {isa = PBXBuildFile; fileRef = 88472C5224C5A08E00873241 /* AppDelegate.swift */; };
		88472C5724C5A08E00873241 /* ViewController.swift in Sources */ = {isa = PBXBuildFile; fileRef = 88472C5624C5A08E00873241 /* ViewController.swift */; };
		88472C5A24C5A08E00873241 /* Main.storyboard in Resources */ = {isa = PBXBuildFile; fileRef = 88472C5824C5A08E00873241 /* Main.storyboard */; };
		88472C5D24C5A08E00873241 /* BilimCentre.xcdatamodeld in Sources */ = {isa = PBXBuildFile; fileRef = 88472C5B24C5A08E00873241 /* BilimCentre.xcdatamodeld */; };
		88472C5F24C5A09000873241 /* Assets.xcassets in Resources */ = {isa = PBXBuildFile; fileRef = 88472C5E24C5A09000873241 /* Assets.xcassets */; };
		88472C6224C5A09000873241 /* LaunchScreen.storyboard in Resources */ = {isa = PBXBuildFile; fileRef = 88472C6024C5A09000873241 /* LaunchScreen.storyboard */; };
		8885B0B124CC050A00E0489E /* PhoneController.swift in Sources */ = {isa = PBXBuildFile; fileRef = 8885B0B024CC050A00E0489E /* PhoneController.swift */; };
		8885B0B324CC056000E0489E /* ValidationController.swift in Sources */ = {isa = PBXBuildFile; fileRef = 8885B0B224CC056000E0489E /* ValidationController.swift */; };
		8885B0B524CC059D00E0489E /* FeedBackController.swift in Sources */ = {isa = PBXBuildFile; fileRef = 8885B0B424CC059D00E0489E /* FeedBackController.swift */; };
		8885B0B724CC05CC00E0489E /* ProfileController.swift in Sources */ = {isa = PBXBuildFile; fileRef = 8885B0B624CC05CC00E0489E /* ProfileController.swift */; };
		8885B0B924CC063100E0489E /* ResultController.swift in Sources */ = {isa = PBXBuildFile; fileRef = 8885B0B824CC063100E0489E /* ResultController.swift */; };
		8885B0BB24CC069000E0489E /* GraduatesController.swift in Sources */ = {isa = PBXBuildFile; fileRef = 8885B0BA24CC069000E0489E /* GraduatesController.swift */; };
		8885B0BD24CC06F900E0489E /* StartTestController.swift in Sources */ = {isa = PBXBuildFile; fileRef = 8885B0BC24CC06F900E0489E /* StartTestController.swift */; };
		8885B0BF24CC071F00E0489E /* StartCoursesController.swift in Sources */ = {isa = PBXBuildFile; fileRef = 8885B0BE24CC071F00E0489E /* StartCoursesController.swift */; };
		8885B0C124CC077100E0489E /* CheckTestController.swift in Sources */ = {isa = PBXBuildFile; fileRef = 8885B0C024CC077100E0489E /* CheckTestController.swift */; };
		8885B0C324CC079D00E0489E /* TestingController.swift in Sources */ = {isa = PBXBuildFile; fileRef = 8885B0C224CC079D00E0489E /* TestingController.swift */; };
		8887B33A24C7E23900DCB849 /* Extensions.swift in Sources */ = {isa = PBXBuildFile; fileRef = 8887B33924C7E23900DCB849 /* Extensions.swift */; };
/* End PBXBuildFile section */

/* Begin PBXFileReference section */
		20ED92EBD248A50CE0E4BA88 /* Pods-BilimCentre.debug.xcconfig */ = {isa = PBXFileReference; includeInIndex = 1; lastKnownFileType = text.xcconfig; name = "Pods-BilimCentre.debug.xcconfig"; path = "Target Support Files/Pods-BilimCentre/Pods-BilimCentre.debug.xcconfig"; sourceTree = "<group>"; };
		87E21C30C28298AA09D1D712 /* Pods-BilimCentre.release.xcconfig */ = {isa = PBXFileReference; includeInIndex = 1; lastKnownFileType = text.xcconfig; name = "Pods-BilimCentre.release.xcconfig"; path = "Target Support Files/Pods-BilimCentre/Pods-BilimCentre.release.xcconfig"; sourceTree = "<group>"; };
		881511C524C8A86D002EBD60 /* BilimCentre-Bridging-Header.h */ = {isa = PBXFileReference; lastKnownFileType = sourcecode.c.h; path = "BilimCentre-Bridging-Header.h"; sourceTree = "<group>"; };
		881511C624C8A86E002EBD60 /* SWRevealViewController.h */ = {isa = PBXFileReference; fileEncoding = 4; lastKnownFileType = sourcecode.c.h; name = SWRevealViewController.h; path = "../../../Swift files/SideBar/SWRevealViewControllers/SWRevealViewController.h"; sourceTree = "<group>"; };
		881511C724C8A86E002EBD60 /* SWRevealViewController.m */ = {isa = PBXFileReference; fileEncoding = 4; lastKnownFileType = sourcecode.c.objc; name = SWRevealViewController.m; path = "../../../Swift files/SideBar/SWRevealViewControllers/SWRevealViewController.m"; sourceTree = "<group>"; };
		881511C924C8A9DE002EBD60 /* SideBarTableViewController.swift */ = {isa = PBXFileReference; lastKnownFileType = sourcecode.swift; path = SideBarTableViewController.swift; sourceTree = "<group>"; };
		881511CB24C8ABCD002EBD60 /* SideBarController.swift */ = {isa = PBXFileReference; lastKnownFileType = sourcecode.swift; path = SideBarController.swift; sourceTree = "<group>"; };
		88230BAB24C6BD1B00833278 /* Alamofire.framework */ = {isa = PBXFileReference; explicitFileType = wrapper.framework; path = Alamofire.framework; sourceTree = BUILT_PRODUCTS_DIR; };
		88472C4F24C5A08E00873241 /* BilimCentre.app */ = {isa = PBXFileReference; explicitFileType = wrapper.application; includeInIndex = 0; path = BilimCentre.app; sourceTree = BUILT_PRODUCTS_DIR; };
		88472C5224C5A08E00873241 /* AppDelegate.swift */ = {isa = PBXFileReference; lastKnownFileType = sourcecode.swift; path = AppDelegate.swift; sourceTree = "<group>"; };
		88472C5624C5A08E00873241 /* ViewController.swift */ = {isa = PBXFileReference; lastKnownFileType = sourcecode.swift; path = ViewController.swift; sourceTree = "<group>"; };
		88472C5924C5A08E00873241 /* Base */ = {isa = PBXFileReference; lastKnownFileType = file.storyboard; name = Base; path = Base.lproj/Main.storyboard; sourceTree = "<group>"; };
		88472C5C24C5A08E00873241 /* BilimCentre.xcdatamodel */ = {isa = PBXFileReference; lastKnownFileType = wrapper.xcdatamodel; path = BilimCentre.xcdatamodel; sourceTree = "<group>"; };
		88472C5E24C5A09000873241 /* Assets.xcassets */ = {isa = PBXFileReference; lastKnownFileType = folder.assetcatalog; path = Assets.xcassets; sourceTree = "<group>"; };
		88472C6124C5A09000873241 /* Base */ = {isa = PBXFileReference; lastKnownFileType = file.storyboard; name = Base; path = Base.lproj/LaunchScreen.storyboard; sourceTree = "<group>"; };
		88472C6324C5A09000873241 /* Info.plist */ = {isa = PBXFileReference; lastKnownFileType = text.plist.xml; path = Info.plist; sourceTree = "<group>"; };
		8885B0B024CC050A00E0489E /* PhoneController.swift */ = {isa = PBXFileReference; lastKnownFileType = sourcecode.swift; path = PhoneController.swift; sourceTree = "<group>"; };
		8885B0B224CC056000E0489E /* ValidationController.swift */ = {isa = PBXFileReference; lastKnownFileType = sourcecode.swift; path = ValidationController.swift; sourceTree = "<group>"; };
		8885B0B424CC059D00E0489E /* FeedBackController.swift */ = {isa = PBXFileReference; lastKnownFileType = sourcecode.swift; path = FeedBackController.swift; sourceTree = "<group>"; };
		8885B0B624CC05CC00E0489E /* ProfileController.swift */ = {isa = PBXFileReference; lastKnownFileType = sourcecode.swift; path = ProfileController.swift; sourceTree = "<group>"; };
		8885B0B824CC063100E0489E /* ResultController.swift */ = {isa = PBXFileReference; lastKnownFileType = sourcecode.swift; path = ResultController.swift; sourceTree = "<group>"; };
		8885B0BA24CC069000E0489E /* GraduatesController.swift */ = {isa = PBXFileReference; lastKnownFileType = sourcecode.swift; path = GraduatesController.swift; sourceTree = "<group>"; };
		8885B0BC24CC06F900E0489E /* StartTestController.swift */ = {isa = PBXFileReference; lastKnownFileType = sourcecode.swift; path = StartTestController.swift; sourceTree = "<group>"; };
		8885B0BE24CC071F00E0489E /* StartCoursesController.swift */ = {isa = PBXFileReference; lastKnownFileType = sourcecode.swift; path = StartCoursesController.swift; sourceTree = "<group>"; };
		8885B0C024CC077100E0489E /* CheckTestController.swift */ = {isa = PBXFileReference; lastKnownFileType = sourcecode.swift; path = CheckTestController.swift; sourceTree = "<group>"; };
		8885B0C224CC079D00E0489E /* TestingController.swift */ = {isa = PBXFileReference; lastKnownFileType = sourcecode.swift; path = TestingController.swift; sourceTree = "<group>"; };
		8887B33924C7E23900DCB849 /* Extensions.swift */ = {isa = PBXFileReference; lastKnownFileType = sourcecode.swift; path = Extensions.swift; sourceTree = "<group>"; };
		9669C2DA28A3EBC5F556A45E /* Pods_BilimCentre.framework */ = {isa = PBXFileReference; explicitFileType = wrapper.framework; includeInIndex = 0; path = Pods_BilimCentre.framework; sourceTree = BUILT_PRODUCTS_DIR; };
/* End PBXFileReference section */

/* Begin PBXFrameworksBuildPhase section */
		88472C4C24C5A08E00873241 /* Frameworks */ = {
			isa = PBXFrameworksBuildPhase;
			buildActionMask = 2147483647;
			files = (
				6B99307EBCA8C55F773E204A /* Pods_BilimCentre.framework in Frameworks */,
			);
			runOnlyForDeploymentPostprocessing = 0;
		};
/* End PBXFrameworksBuildPhase section */

/* Begin PBXGroup section */
		4D1B8E9E278C38149E270423 /* Frameworks */ = {
			isa = PBXGroup;
			children = (
				88230BAB24C6BD1B00833278 /* Alamofire.framework */,
				9669C2DA28A3EBC5F556A45E /* Pods_BilimCentre.framework */,
			);
			name = Frameworks;
			sourceTree = "<group>";
		};
		881511C424C8A83D002EBD60 /* SideBarController */ = {
			isa = PBXGroup;
			children = (
				881511C624C8A86E002EBD60 /* SWRevealViewController.h */,
				881511C724C8A86E002EBD60 /* SWRevealViewController.m */,
				881511C524C8A86D002EBD60 /* BilimCentre-Bridging-Header.h */,
				881511C924C8A9DE002EBD60 /* SideBarTableViewController.swift */,
				881511CB24C8ABCD002EBD60 /* SideBarController.swift */,
			);
			path = SideBarController;
			sourceTree = "<group>";
		};
		88472C4624C5A08D00873241 = {
			isa = PBXGroup;
			children = (
				88472C5124C5A08E00873241 /* BilimCentre */,
				88472C5024C5A08E00873241 /* Products */,
				9CB37B42EE3EA994A5A15795 /* Pods */,
				4D1B8E9E278C38149E270423 /* Frameworks */,
			);
			sourceTree = "<group>";
		};
		88472C5024C5A08E00873241 /* Products */ = {
			isa = PBXGroup;
			children = (
				88472C4F24C5A08E00873241 /* BilimCentre.app */,
			);
			name = Products;
			sourceTree = "<group>";
		};
		88472C5124C5A08E00873241 /* BilimCentre */ = {
			isa = PBXGroup;
			children = (
				881511C424C8A83D002EBD60 /* SideBarController */,
				88472C5224C5A08E00873241 /* AppDelegate.swift */,
				88472C5624C5A08E00873241 /* ViewController.swift */,
				88472C5824C5A08E00873241 /* Main.storyboard */,
				88472C5E24C5A09000873241 /* Assets.xcassets */,
				88472C6024C5A09000873241 /* LaunchScreen.storyboard */,
				88472C6324C5A09000873241 /* Info.plist */,
				88472C5B24C5A08E00873241 /* BilimCentre.xcdatamodeld */,
				8887B33924C7E23900DCB849 /* Extensions.swift */,
				8885B0B024CC050A00E0489E /* PhoneController.swift */,
				8885B0B224CC056000E0489E /* ValidationController.swift */,
				8885B0B424CC059D00E0489E /* FeedBackController.swift */,
				8885B0B624CC05CC00E0489E /* ProfileController.swift */,
				8885B0B824CC063100E0489E /* ResultController.swift */,
				8885B0BA24CC069000E0489E /* GraduatesController.swift */,
				8885B0BC24CC06F900E0489E /* StartTestController.swift */,
				8885B0BE24CC071F00E0489E /* StartCoursesController.swift */,
				8885B0C024CC077100E0489E /* CheckTestController.swift */,
				8885B0C224CC079D00E0489E /* TestingController.swift */,
			);
			path = BilimCentre;
			sourceTree = "<group>";
		};
		9CB37B42EE3EA994A5A15795 /* Pods */ = {
			isa = PBXGroup;
			children = (
				20ED92EBD248A50CE0E4BA88 /* Pods-BilimCentre.debug.xcconfig */,
				87E21C30C28298AA09D1D712 /* Pods-BilimCentre.release.xcconfig */,
			);
			path = Pods;
			sourceTree = "<group>";
		};
/* End PBXGroup section */

/* Begin PBXNativeTarget section */
		88472C4E24C5A08E00873241 /* BilimCentre */ = {
			isa = PBXNativeTarget;
			buildConfigurationList = 88472C6624C5A09000873241 /* Build configuration list for PBXNativeTarget "BilimCentre" */;
			buildPhases = (
				39CE1691BD6AA9AEEA3438F5 /* [CP] Check Pods Manifest.lock */,
				88472C4B24C5A08E00873241 /* Sources */,
				88472C4C24C5A08E00873241 /* Frameworks */,
				88472C4D24C5A08E00873241 /* Resources */,
				D9215F694C0D4DAB67EF753A /* [CP] Embed Pods Frameworks */,
			);
			buildRules = (
			);
			dependencies = (
			);
			name = BilimCentre;
			productName = BilimCentre;
			productReference = 88472C4F24C5A08E00873241 /* BilimCentre.app */;
			productType = "com.apple.product-type.application";
		};
/* End PBXNativeTarget section */

/* Begin PBXProject section */
		88472C4724C5A08D00873241 /* Project object */ = {
			isa = PBXProject;
			attributes = {
				LastSwiftUpdateCheck = 1160;
				LastUpgradeCheck = 1160;
				ORGANIZATIONNAME = XCode;
				TargetAttributes = {
					88472C4E24C5A08E00873241 = {
						CreatedOnToolsVersion = 11.6;
						LastSwiftMigration = 1160;
					};
				};
			};
			buildConfigurationList = 88472C4A24C5A08D00873241 /* Build configuration list for PBXProject "BilimCentre" */;
			compatibilityVersion = "Xcode 9.3";
			developmentRegion = en;
			hasScannedForEncodings = 0;
			knownRegions = (
				en,
				Base,
			);
			mainGroup = 88472C4624C5A08D00873241;
			productRefGroup = 88472C5024C5A08E00873241 /* Products */;
			projectDirPath = "";
			projectRoot = "";
			targets = (
				88472C4E24C5A08E00873241 /* BilimCentre */,
			);
		};
/* End PBXProject section */

/* Begin PBXResourcesBuildPhase section */
		88472C4D24C5A08E00873241 /* Resources */ = {
			isa = PBXResourcesBuildPhase;
			buildActionMask = 2147483647;
			files = (
				88472C6224C5A09000873241 /* LaunchScreen.storyboard in Resources */,
				88472C5F24C5A09000873241 /* Assets.xcassets in Resources */,
				88472C5A24C5A08E00873241 /* Main.storyboard in Resources */,
			);
			runOnlyForDeploymentPostprocessing = 0;
		};
/* End PBXResourcesBuildPhase section */

/* Begin PBXShellScriptBuildPhase section */
		39CE1691BD6AA9AEEA3438F5 /* [CP] Check Pods Manifest.lock */ = {
			isa = PBXShellScriptBuildPhase;
			buildActionMask = 2147483647;
			files = (
			);
			inputFileListPaths = (
			);
			inputPaths = (
				"${PODS_PODFILE_DIR_PATH}/Podfile.lock",
				"${PODS_ROOT}/Manifest.lock",
			);
			name = "[CP] Check Pods Manifest.lock";
			outputFileListPaths = (
			);
			outputPaths = (
				"$(DERIVED_FILE_DIR)/Pods-BilimCentre-checkManifestLockResult.txt",
			);
			runOnlyForDeploymentPostprocessing = 0;
			shellPath = /bin/sh;
			shellScript = "diff \"${PODS_PODFILE_DIR_PATH}/Podfile.lock\" \"${PODS_ROOT}/Manifest.lock\" > /dev/null\nif [ $? != 0 ] ; then\n    # print error to STDERR\n    echo \"error: The sandbox is not in sync with the Podfile.lock. Run 'pod install' or update your CocoaPods installation.\" >&2\n    exit 1\nfi\n# This output is used by Xcode 'outputs' to avoid re-running this script phase.\necho \"SUCCESS\" > \"${SCRIPT_OUTPUT_FILE_0}\"\n";
			showEnvVarsInLog = 0;
		};
		D9215F694C0D4DAB67EF753A /* [CP] Embed Pods Frameworks */ = {
			isa = PBXShellScriptBuildPhase;
			buildActionMask = 2147483647;
			files = (
			);
			inputFileListPaths = (
				"${PODS_ROOT}/Target Support Files/Pods-BilimCentre/Pods-BilimCentre-frameworks-${CONFIGURATION}-input-files.xcfilelist",
			);
			name = "[CP] Embed Pods Frameworks";
			outputFileListPaths = (
				"${PODS_ROOT}/Target Support Files/Pods-BilimCentre/Pods-BilimCentre-frameworks-${CONFIGURATION}-output-files.xcfilelist",
			);
			runOnlyForDeploymentPostprocessing = 0;
			shellPath = /bin/sh;
			shellScript = "\"${PODS_ROOT}/Target Support Files/Pods-BilimCentre/Pods-BilimCentre-frameworks.sh\"\n";
			showEnvVarsInLog = 0;
		};
/* End PBXShellScriptBuildPhase section */

/* Begin PBXSourcesBuildPhase section */
		88472C4B24C5A08E00873241 /* Sources */ = {
			isa = PBXSourcesBuildPhase;
			buildActionMask = 2147483647;
			files = (
				881511CC24C8ABCD002EBD60 /* SideBarController.swift in Sources */,
				881511CA24C8A9DE002EBD60 /* SideBarTableViewController.swift in Sources */,
				8887B33A24C7E23900DCB849 /* Extensions.swift in Sources */,
				88472C5724C5A08E00873241 /* ViewController.swift in Sources */,
				8885B0C324CC079D00E0489E /* TestingController.swift in Sources */,
				88472C5324C5A08E00873241 /* AppDelegate.swift in Sources */,
				8885B0B324CC056000E0489E /* ValidationController.swift in Sources */,
				8885B0C124CC077100E0489E /* CheckTestController.swift in Sources */,
				8885B0BB24CC069000E0489E /* GraduatesController.swift in Sources */,
				8885B0B524CC059D00E0489E /* FeedBackController.swift in Sources */,
				8885B0B724CC05CC00E0489E /* ProfileController.swift in Sources */,
				8885B0BF24CC071F00E0489E /* StartCoursesController.swift in Sources */,
				8885B0B924CC063100E0489E /* ResultController.swift in Sources */,
				8885B0BD24CC06F900E0489E /* StartTestController.swift in Sources */,
				88472C5D24C5A08E00873241 /* BilimCentre.xcdatamodeld in Sources */,
				8885B0B124CC050A00E0489E /* PhoneController.swift in Sources */,
				881511C824C8A86E002EBD60 /* SWRevealViewController.m in Sources */,
			);
			runOnlyForDeploymentPostprocessing = 0;
		};
/* End PBXSourcesBuildPhase section */

/* Begin PBXVariantGroup section */
		88472C5824C5A08E00873241 /* Main.storyboard */ = {
			isa = PBXVariantGroup;
			children = (
				88472C5924C5A08E00873241 /* Base */,
			);
			name = Main.storyboard;
			sourceTree = "<group>";
		};
		88472C6024C5A09000873241 /* LaunchScreen.storyboard */ = {
			isa = PBXVariantGroup;
			children = (
				88472C6124C5A09000873241 /* Base */,
			);
			name = LaunchScreen.storyboard;
			sourceTree = "<group>";
		};
/* End PBXVariantGroup section */

/* Begin XCBuildConfiguration section */
		88472C6424C5A09000873241 /* Debug */ = {
			isa = XCBuildConfiguration;
			buildSettings = {
				ALWAYS_SEARCH_USER_PATHS = NO;
				CLANG_ANALYZER_NONNULL = YES;
				CLANG_ANALYZER_NUMBER_OBJECT_CONVERSION = YES_AGGRESSIVE;
				CLANG_CXX_LANGUAGE_STANDARD = "gnu++14";
				CLANG_CXX_LIBRARY = "libc++";
				CLANG_ENABLE_MODULES = YES;
				CLANG_ENABLE_OBJC_ARC = YES;
				CLANG_ENABLE_OBJC_WEAK = YES;
				CLANG_WARN_BLOCK_CAPTURE_AUTORELEASING = YES;
				CLANG_WARN_BOOL_CONVERSION = YES;
				CLANG_WARN_COMMA = YES;
				CLANG_WARN_CONSTANT_CONVERSION = YES;
				CLANG_WARN_DEPRECATED_OBJC_IMPLEMENTATIONS = YES;
				CLANG_WARN_DIRECT_OBJC_ISA_USAGE = YES_ERROR;
				CLANG_WARN_DOCUMENTATION_COMMENTS = YES;
				CLANG_WARN_EMPTY_BODY = YES;
				CLANG_WARN_ENUM_CONVERSION = YES;
				CLANG_WARN_INFINITE_RECURSION = YES;
				CLANG_WARN_INT_CONVERSION = YES;
				CLANG_WARN_NON_LITERAL_NULL_CONVERSION = YES;
				CLANG_WARN_OBJC_IMPLICIT_RETAIN_SELF = YES;
				CLANG_WARN_OBJC_LITERAL_CONVERSION = YES;
				CLANG_WARN_OBJC_ROOT_CLASS = YES_ERROR;
				CLANG_WARN_RANGE_LOOP_ANALYSIS = YES;
				CLANG_WARN_STRICT_PROTOTYPES = YES;
				CLANG_WARN_SUSPICIOUS_MOVE = YES;
				CLANG_WARN_UNGUARDED_AVAILABILITY = YES_AGGRESSIVE;
				CLANG_WARN_UNREACHABLE_CODE = YES;
				CLANG_WARN__DUPLICATE_METHOD_MATCH = YES;
				COPY_PHASE_STRIP = NO;
				DEBUG_INFORMATION_FORMAT = dwarf;
				ENABLE_STRICT_OBJC_MSGSEND = YES;
				ENABLE_TESTABILITY = YES;
				GCC_C_LANGUAGE_STANDARD = gnu11;
				GCC_DYNAMIC_NO_PIC = NO;
				GCC_NO_COMMON_BLOCKS = YES;
				GCC_OPTIMIZATION_LEVEL = 0;
				GCC_PREPROCESSOR_DEFINITIONS = (
					"DEBUG=1",
					"$(inherited)",
				);
				GCC_WARN_64_TO_32_BIT_CONVERSION = YES;
				GCC_WARN_ABOUT_RETURN_TYPE = YES_ERROR;
				GCC_WARN_UNDECLARED_SELECTOR = YES;
				GCC_WARN_UNINITIALIZED_AUTOS = YES_AGGRESSIVE;
				GCC_WARN_UNUSED_FUNCTION = YES;
				GCC_WARN_UNUSED_VARIABLE = YES;
				IPHONEOS_DEPLOYMENT_TARGET = 13.6;
				MTL_ENABLE_DEBUG_INFO = INCLUDE_SOURCE;
				MTL_FAST_MATH = YES;
				ONLY_ACTIVE_ARCH = YES;
				SDKROOT = iphoneos;
				SWIFT_ACTIVE_COMPILATION_CONDITIONS = DEBUG;
				SWIFT_OPTIMIZATION_LEVEL = "-Onone";
			};
			name = Debug;
		};
		88472C6524C5A09000873241 /* Release */ = {
			isa = XCBuildConfiguration;
			buildSettings = {
				ALWAYS_SEARCH_USER_PATHS = NO;
				CLANG_ANALYZER_NONNULL = YES;
				CLANG_ANALYZER_NUMBER_OBJECT_CONVERSION = YES_AGGRESSIVE;
				CLANG_CXX_LANGUAGE_STANDARD = "gnu++14";
				CLANG_CXX_LIBRARY = "libc++";
				CLANG_ENABLE_MODULES = YES;
				CLANG_ENABLE_OBJC_ARC = YES;
				CLANG_ENABLE_OBJC_WEAK = YES;
				CLANG_WARN_BLOCK_CAPTURE_AUTORELEASING = YES;
				CLANG_WARN_BOOL_CONVERSION = YES;
				CLANG_WARN_COMMA = YES;
				CLANG_WARN_CONSTANT_CONVERSION = YES;
				CLANG_WARN_DEPRECATED_OBJC_IMPLEMENTATIONS = YES;
				CLANG_WARN_DIRECT_OBJC_ISA_USAGE = YES_ERROR;
				CLANG_WARN_DOCUMENTATION_COMMENTS = YES;
				CLANG_WARN_EMPTY_BODY = YES;
				CLANG_WARN_ENUM_CONVERSION = YES;
				CLANG_WARN_INFINITE_RECURSION = YES;
				CLANG_WARN_INT_CONVERSION = YES;
				CLANG_WARN_NON_LITERAL_NULL_CONVERSION = YES;
				CLANG_WARN_OBJC_IMPLICIT_RETAIN_SELF = YES;
				CLANG_WARN_OBJC_LITERAL_CONVERSION = YES;
				CLANG_WARN_OBJC_ROOT_CLASS = YES_ERROR;
				CLANG_WARN_RANGE_LOOP_ANALYSIS = YES;
				CLANG_WARN_STRICT_PROTOTYPES = YES;
				CLANG_WARN_SUSPICIOUS_MOVE = YES;
				CLANG_WARN_UNGUARDED_AVAILABILITY = YES_AGGRESSIVE;
				CLANG_WARN_UNREACHABLE_CODE = YES;
				CLANG_WARN__DUPLICATE_METHOD_MATCH = YES;
				COPY_PHASE_STRIP = NO;
				DEBUG_INFORMATION_FORMAT = "dwarf-with-dsym";
				ENABLE_NS_ASSERTIONS = NO;
				ENABLE_STRICT_OBJC_MSGSEND = YES;
				GCC_C_LANGUAGE_STANDARD = gnu11;
				GCC_NO_COMMON_BLOCKS = YES;
				GCC_WARN_64_TO_32_BIT_CONVERSION = YES;
				GCC_WARN_ABOUT_RETURN_TYPE = YES_ERROR;
				GCC_WARN_UNDECLARED_SELECTOR = YES;
				GCC_WARN_UNINITIALIZED_AUTOS = YES_AGGRESSIVE;
				GCC_WARN_UNUSED_FUNCTION = YES;
				GCC_WARN_UNUSED_VARIABLE = YES;
				IPHONEOS_DEPLOYMENT_TARGET = 13.6;
				MTL_ENABLE_DEBUG_INFO = NO;
				MTL_FAST_MATH = YES;
				SDKROOT = iphoneos;
				SWIFT_COMPILATION_MODE = wholemodule;
				SWIFT_OPTIMIZATION_LEVEL = "-O";
				VALIDATE_PRODUCT = YES;
			};
			name = Release;
		};
		88472C6724C5A09000873241 /* Debug */ = {
			isa = XCBuildConfiguration;
			baseConfigurationReference = 20ED92EBD248A50CE0E4BA88 /* Pods-BilimCentre.debug.xcconfig */;
			buildSettings = {
				ASSETCATALOG_COMPILER_APPICON_NAME = AppIcon;
				CLANG_ENABLE_MODULES = YES;
				CODE_SIGN_STYLE = Automatic;
				DEVELOPMENT_TEAM = 25F2R883U6;
				INFOPLIST_FILE = BilimCentre/Info.plist;
				IPHONEOS_DEPLOYMENT_TARGET = 12.4;
				LD_RUNPATH_SEARCH_PATHS = (
					"$(inherited)",
					"@executable_path/Frameworks",
				);
				PRODUCT_BUNDLE_IDENTIFIER = com.XCode.BilimCentre;
				PRODUCT_NAME = "$(TARGET_NAME)";
				SWIFT_OBJC_BRIDGING_HEADER = "BilimCentre/SideBarController/BilimCentre-Bridging-Header.h";
				SWIFT_OPTIMIZATION_LEVEL = "-Onone";
				SWIFT_VERSION = 5.0;
				TARGETED_DEVICE_FAMILY = 1;
			};
			name = Debug;
		};
		88472C6824C5A09000873241 /* Release */ = {
			isa = XCBuildConfiguration;
			baseConfigurationReference = 87E21C30C28298AA09D1D712 /* Pods-BilimCentre.release.xcconfig */;
			buildSettings = {
				ASSETCATALOG_COMPILER_APPICON_NAME = AppIcon;
				CLANG_ENABLE_MODULES = YES;
				CODE_SIGN_STYLE = Automatic;
				DEVELOPMENT_TEAM = 25F2R883U6;
				INFOPLIST_FILE = BilimCentre/Info.plist;
				IPHONEOS_DEPLOYMENT_TARGET = 12.4;
				LD_RUNPATH_SEARCH_PATHS = (
					"$(inherited)",
					"@executable_path/Frameworks",
				);
				PRODUCT_BUNDLE_IDENTIFIER = com.XCode.BilimCentre;
				PRODUCT_NAME = "$(TARGET_NAME)";
				SWIFT_OBJC_BRIDGING_HEADER = "BilimCentre/SideBarController/BilimCentre-Bridging-Header.h";
				SWIFT_VERSION = 5.0;
				TARGETED_DEVICE_FAMILY = 1;
			};
			name = Release;
		};
/* End XCBuildConfiguration section */

/* Begin XCConfigurationList section */
		88472C4A24C5A08D00873241 /* Build configuration list for PBXProject "BilimCentre" */ = {
			isa = XCConfigurationList;
			buildConfigurations = (
				88472C6424C5A09000873241 /* Debug */,
				88472C6524C5A09000873241 /* Release */,
			);
			defaultConfigurationIsVisible = 0;
			defaultConfigurationName = Release;
		};
		88472C6624C5A09000873241 /* Build configuration list for PBXNativeTarget "BilimCentre" */ = {
			isa = XCConfigurationList;
			buildConfigurations = (
				88472C6724C5A09000873241 /* Debug */,
				88472C6824C5A09000873241 /* Release */,
			);
			defaultConfigurationIsVisible = 0;
			defaultConfigurationName = Release;
		};
/* End XCConfigurationList section */

/* Begin XCVersionGroup section */
		88472C5B24C5A08E00873241 /* BilimCentre.xcdatamodeld */ = {
			isa = XCVersionGroup;
			children = (
				88472C5C24C5A08E00873241 /* BilimCentre.xcdatamodel */,
			);
			currentVersion = 88472C5C24C5A08E00873241 /* BilimCentre.xcdatamodel */;
			path = BilimCentre.xcdatamodeld;
			sourceTree = "<group>";
			versionGroupType = wrapper.xcdatamodel;
		};
/* End XCVersionGroup section */
	};
	rootObject = 88472C4724C5A08D00873241 /* Project object */;
}
