// !$*UTF8*$!
{
	archiveVersion = 1;
	classes = {
	};
	objectVersion = 51;
	objects = {

/* Begin PBXBuildFile section */
		6B99307EBCA8C55F773E204A /* Pods_BilimCentre.framework in Frameworks */ = {isa = PBXBuildFile; fileRef = 9669C2DA28A3EBC5F556A45E /* Pods_BilimCentre.framework */; };
		8809DF1024E66440000D307A /* EditProfileController.swift in Sources */ = {isa = PBXBuildFile; fileRef = 8809DF0F24E66440000D307A /* EditProfileController.swift */; };
		881511C824C8A86E002EBD60 /* SWRevealViewController.m in Sources */ = {isa = PBXBuildFile; fileRef = 881511C724C8A86E002EBD60 /* SWRevealViewController.m */; };
		881511CA24C8A9DE002EBD60 /* SideBarTableViewController.swift in Sources */ = {isa = PBXBuildFile; fileRef = 881511C924C8A9DE002EBD60 /* SideBarTableViewController.swift */; };
		881511CC24C8ABCD002EBD60 /* SideBarController.swift in Sources */ = {isa = PBXBuildFile; fileRef = 881511CB24C8ABCD002EBD60 /* SideBarController.swift */; };
		88443BD724E7D20200AABF80 /* UserDefaultsKeys in Resources */ = {isa = PBXBuildFile; fileRef = 88443BD624E7D20200AABF80 /* UserDefaultsKeys */; };
		88443BD924E7D2EA00AABF80 /* WelcomeController.swift in Sources */ = {isa = PBXBuildFile; fileRef = 88443BD824E7D2EA00AABF80 /* WelcomeController.swift */; };
		88472C5324C5A08E00873241 /* AppDelegate.swift in Sources */ = {isa = PBXBuildFile; fileRef = 88472C5224C5A08E00873241 /* AppDelegate.swift */; };
		88472C5724C5A08E00873241 /* ViewController.swift in Sources */ = {isa = PBXBuildFile; fileRef = 88472C5624C5A08E00873241 /* ViewController.swift */; };
		88472C5A24C5A08E00873241 /* Main.storyboard in Resources */ = {isa = PBXBuildFile; fileRef = 88472C5824C5A08E00873241 /* Main.storyboard */; };
		88472C5D24C5A08E00873241 /* BilimCentre.xcdatamodeld in Sources */ = {isa = PBXBuildFile; fileRef = 88472C5B24C5A08E00873241 /* BilimCentre.xcdatamodeld */; };
		88472C5F24C5A09000873241 /* Assets.xcassets in Resources */ = {isa = PBXBuildFile; fileRef = 88472C5E24C5A09000873241 /* Assets.xcassets */; };
		88472C6224C5A09000873241 /* LaunchScreen.storyboard in Resources */ = {isa = PBXBuildFile; fileRef = 88472C6024C5A09000873241 /* LaunchScreen.storyboard */; };
		884ACA1C24E64FFD002CD746 /* TestAnswersController.swift in Sources */ = {isa = PBXBuildFile; fileRef = 884ACA1B24E64FFD002CD746 /* TestAnswersController.swift */; };
		884ACA1E24E65036002CD746 /* TestAnswersTableViewCell.swift in Sources */ = {isa = PBXBuildFile; fileRef = 884ACA1D24E65036002CD746 /* TestAnswersTableViewCell.swift */; };
		884B87F524E3CE7D00035B1F /* Grants.json in Resources */ = {isa = PBXBuildFile; fileRef = 884B87F124E3CE7C00035B1F /* Grants.json */; };
		884B87F624E3CE7D00035B1F /* Subjects.json in Resources */ = {isa = PBXBuildFile; fileRef = 884B87F224E3CE7C00035B1F /* Subjects.json */; };
		884B87F824E3CE7D00035B1F /* Universities.json in Resources */ = {isa = PBXBuildFile; fileRef = 884B87F424E3CE7D00035B1F /* Universities.json */; };
		88545CFB251DF0C10090A177 /* GlobalVariables.swift in Sources */ = {isa = PBXBuildFile; fileRef = 88545CFA251DF0C10090A177 /* GlobalVariables.swift */; };
		88787A7E24E5199E00823A30 /* Specialties.json in Resources */ = {isa = PBXBuildFile; fileRef = 88787A7D24E5199D00823A30 /* Specialties.json */; };
		88787A8024E52FC500823A30 /* PastTestController.swift in Sources */ = {isa = PBXBuildFile; fileRef = 88787A7F24E52FC500823A30 /* PastTestController.swift */; };
		8885B0B124CC050A00E0489E /* PhoneController.swift in Sources */ = {isa = PBXBuildFile; fileRef = 8885B0B024CC050A00E0489E /* PhoneController.swift */; };
		8885B0B324CC056000E0489E /* ValidationController.swift in Sources */ = {isa = PBXBuildFile; fileRef = 8885B0B224CC056000E0489E /* ValidationController.swift */; };
		8885B0B524CC059D00E0489E /* FeedBackController.swift in Sources */ = {isa = PBXBuildFile; fileRef = 8885B0B424CC059D00E0489E /* FeedBackController.swift */; };
		8885B0B724CC05CC00E0489E /* ProfileController.swift in Sources */ = {isa = PBXBuildFile; fileRef = 8885B0B624CC05CC00E0489E /* ProfileController.swift */; };
		8885B0B924CC063100E0489E /* ResultController.swift in Sources */ = {isa = PBXBuildFile; fileRef = 8885B0B824CC063100E0489E /* ResultController.swift */; };
		8885B0BB24CC069000E0489E /* GraduatesController.swift in Sources */ = {isa = PBXBuildFile; fileRef = 8885B0BA24CC069000E0489E /* GraduatesController.swift */; };
		8885B0BD24CC06F900E0489E /* StartTestController.swift in Sources */ = {isa = PBXBuildFile; fileRef = 8885B0BC24CC06F900E0489E /* StartTestController.swift */; };
		8885B0BF24CC071F00E0489E /* StartCoursesController.swift in Sources */ = {isa = PBXBuildFile; fileRef = 8885B0BE24CC071F00E0489E /* StartCoursesController.swift */; };
		8885B0C124CC077100E0489E /* CheckTestController.swift in Sources */ = {isa = PBXBuildFile; fileRef = 8885B0C024CC077100E0489E /* CheckTestController.swift */; };
		8885B0C324CC079D00E0489E /* TestingController.swift in Sources */ = {isa = PBXBuildFile; fileRef = 8885B0C224CC079D00E0489E /* TestingController.swift */; };
		8887B33A24C7E23900DCB849 /* Extensions.swift in Sources */ = {isa = PBXBuildFile; fileRef = 8887B33924C7E23900DCB849 /* Extensions.swift */; };
		88B808DA251CA1470024C908 /* SendQuestionController.swift in Sources */ = {isa = PBXBuildFile; fileRef = 88B808D9251CA1470024C908 /* SendQuestionController.swift */; };
		88BA666E24CD48BC00E53329 /* UniversitiesController.swift in Sources */ = {isa = PBXBuildFile; fileRef = 88BA666D24CD48BC00E53329 /* UniversitiesController.swift */; };
		88BA667024CD48DD00E53329 /* UniversitiesTableViewCell.swift in Sources */ = {isa = PBXBuildFile; fileRef = 88BA666F24CD48DD00E53329 /* UniversitiesTableViewCell.swift */; };
		88BA667324CD4B6E00E53329 /* DesignOfViewWithCR.swift in Sources */ = {isa = PBXBuildFile; fileRef = 88BA667224CD4B6E00E53329 /* DesignOfViewWithCR.swift */; };
		88BA667524CD4B9100E53329 /* DesignOfView.swift in Sources */ = {isa = PBXBuildFile; fileRef = 88BA667424CD4B9100E53329 /* DesignOfView.swift */; };
		88BA667824CD4E4800E53329 /* GrantsController.swift in Sources */ = {isa = PBXBuildFile; fileRef = 88BA667724CD4E4800E53329 /* GrantsController.swift */; };
		88BA667A24CD4E7900E53329 /* GrantsTableViewCell.swift in Sources */ = {isa = PBXBuildFile; fileRef = 88BA667924CD4E7900E53329 /* GrantsTableViewCell.swift */; };
		88BA667D24CD514C00E53329 /* SpecialtiesController.swift in Sources */ = {isa = PBXBuildFile; fileRef = 88BA667C24CD514C00E53329 /* SpecialtiesController.swift */; };
		88BA667F24CD516300E53329 /* SpecialtiesTableViewCell.swift in Sources */ = {isa = PBXBuildFile; fileRef = 88BA667E24CD516300E53329 /* SpecialtiesTableViewCell.swift */; };
		88BA668224CD6FEF00E53329 /* CoursesController.swift in Sources */ = {isa = PBXBuildFile; fileRef = 88BA668124CD6FEF00E53329 /* CoursesController.swift */; };
		88BA668424CD706500E53329 /* CoursesTableViewCell.swift in Sources */ = {isa = PBXBuildFile; fileRef = 88BA668324CD706500E53329 /* CoursesTableViewCell.swift */; };
		88C0B17624E11BCF0098F06E /* SettingsController.swift in Sources */ = {isa = PBXBuildFile; fileRef = 88C0B17524E11BCF0098F06E /* SettingsController.swift */; };
		88C0B17824E124060098F06E /* HistoryController.swift in Sources */ = {isa = PBXBuildFile; fileRef = 88C0B17724E124060098F06E /* HistoryController.swift */; };
		88C0B17B24E124820098F06E /* HistoryTableViewCell.swift in Sources */ = {isa = PBXBuildFile; fileRef = 88C0B17A24E124820098F06E /* HistoryTableViewCell.swift */; };
		88C0B17E24E161ED0098F06E /* SubjectsController.swift in Sources */ = {isa = PBXBuildFile; fileRef = 88C0B17D24E161ED0098F06E /* SubjectsController.swift */; };
		88C0B18024E1621E0098F06E /* SubjectsTableViewCell.swift in Sources */ = {isa = PBXBuildFile; fileRef = 88C0B17F24E1621E0098F06E /* SubjectsTableViewCell.swift */; };
		88C0B18324E1623F0098F06E /* LessonsController.swift in Sources */ = {isa = PBXBuildFile; fileRef = 88C0B18224E1623F0098F06E /* LessonsController.swift */; };
		88C0B18524E1624F0098F06E /* LessonsTableViewCell.swift in Sources */ = {isa = PBXBuildFile; fileRef = 88C0B18424E1624F0098F06E /* LessonsTableViewCell.swift */; };
		88C0B18724E165860098F06E /* ClassesController.swift in Sources */ = {isa = PBXBuildFile; fileRef = 88C0B18624E165860098F06E /* ClassesController.swift */; };
		88C0B18A24E1666D0098F06E /* ClassesTableViewCell.swift in Sources */ = {isa = PBXBuildFile; fileRef = 88C0B18924E1666D0098F06E /* ClassesTableViewCell.swift */; };
/* End PBXBuildFile section */

/* Begin PBXFileReference section */
		20ED92EBD248A50CE0E4BA88 /* Pods-BilimCentre.debug.xcconfig */ = {isa = PBXFileReference; includeInIndex = 1; lastKnownFileType = text.xcconfig; name = "Pods-BilimCentre.debug.xcconfig"; path = "Target Support Files/Pods-BilimCentre/Pods-BilimCentre.debug.xcconfig"; sourceTree = "<group>"; };
		87E21C30C28298AA09D1D712 /* Pods-BilimCentre.release.xcconfig */ = {isa = PBXFileReference; includeInIndex = 1; lastKnownFileType = text.xcconfig; name = "Pods-BilimCentre.release.xcconfig"; path = "Target Support Files/Pods-BilimCentre/Pods-BilimCentre.release.xcconfig"; sourceTree = "<group>"; };
		8809DF0F24E66440000D307A /* EditProfileController.swift */ = {isa = PBXFileReference; lastKnownFileType = sourcecode.swift; path = EditProfileController.swift; sourceTree = "<group>"; };
		881511C524C8A86D002EBD60 /* BilimCentre-Bridging-Header.h */ = {isa = PBXFileReference; lastKnownFileType = sourcecode.c.h; path = "BilimCentre-Bridging-Header.h"; sourceTree = "<group>"; };
		881511C624C8A86E002EBD60 /* SWRevealViewController.h */ = {isa = PBXFileReference; fileEncoding = 4; lastKnownFileType = sourcecode.c.h; name = SWRevealViewController.h; path = "../../../Swift files/SideBar/SWRevealViewControllers/SWRevealViewController.h"; sourceTree = "<group>"; };
		881511C724C8A86E002EBD60 /* SWRevealViewController.m */ = {isa = PBXFileReference; fileEncoding = 4; lastKnownFileType = sourcecode.c.objc; name = SWRevealViewController.m; path = "../../../Swift files/SideBar/SWRevealViewControllers/SWRevealViewController.m"; sourceTree = "<group>"; };
		881511C924C8A9DE002EBD60 /* SideBarTableViewController.swift */ = {isa = PBXFileReference; lastKnownFileType = sourcecode.swift; path = SideBarTableViewController.swift; sourceTree = "<group>"; };
		881511CB24C8ABCD002EBD60 /* SideBarController.swift */ = {isa = PBXFileReference; lastKnownFileType = sourcecode.swift; path = SideBarController.swift; sourceTree = "<group>"; };
		88230BAB24C6BD1B00833278 /* Alamofire.framework */ = {isa = PBXFileReference; explicitFileType = wrapper.framework; path = Alamofire.framework; sourceTree = BUILT_PRODUCTS_DIR; };
		88443BD624E7D20200AABF80 /* UserDefaultsKeys */ = {isa = PBXFileReference; lastKnownFileType = text; path = UserDefaultsKeys; sourceTree = "<group>"; };
		88443BD824E7D2EA00AABF80 /* WelcomeController.swift */ = {isa = PBXFileReference; lastKnownFileType = sourcecode.swift; path = WelcomeController.swift; sourceTree = "<group>"; };
		88472C4F24C5A08E00873241 /* BilimCentre.app */ = {isa = PBXFileReference; explicitFileType = wrapper.application; includeInIndex = 0; path = BilimCentre.app; sourceTree = BUILT_PRODUCTS_DIR; };
		88472C5224C5A08E00873241 /* AppDelegate.swift */ = {isa = PBXFileReference; lastKnownFileType = sourcecode.swift; path = AppDelegate.swift; sourceTree = "<group>"; };
		88472C5624C5A08E00873241 /* ViewController.swift */ = {isa = PBXFileReference; lastKnownFileType = sourcecode.swift; path = ViewController.swift; sourceTree = "<group>"; };
		88472C5924C5A08E00873241 /* Base */ = {isa = PBXFileReference; lastKnownFileType = file.storyboard; name = Base; path = Base.lproj/Main.storyboard; sourceTree = "<group>"; };
		88472C5C24C5A08E00873241 /* BilimCentre.xcdatamodel */ = {isa = PBXFileReference; lastKnownFileType = wrapper.xcdatamodel; path = BilimCentre.xcdatamodel; sourceTree = "<group>"; };
		88472C5E24C5A09000873241 /* Assets.xcassets */ = {isa = PBXFileReference; lastKnownFileType = folder.assetcatalog; path = Assets.xcassets; sourceTree = "<group>"; };
		88472C6124C5A09000873241 /* Base */ = {isa = PBXFileReference; lastKnownFileType = file.storyboard; name = Base; path = Base.lproj/LaunchScreen.storyboard; sourceTree = "<group>"; };
		88472C6324C5A09000873241 /* Info.plist */ = {isa = PBXFileReference; lastKnownFileType = text.plist.xml; path = Info.plist; sourceTree = "<group>"; };
		884ACA1B24E64FFD002CD746 /* TestAnswersController.swift */ = {isa = PBXFileReference; lastKnownFileType = sourcecode.swift; path = TestAnswersController.swift; sourceTree = "<group>"; };
		884ACA1D24E65036002CD746 /* TestAnswersTableViewCell.swift */ = {isa = PBXFileReference; lastKnownFileType = sourcecode.swift; path = TestAnswersTableViewCell.swift; sourceTree = "<group>"; };
		884B87F124E3CE7C00035B1F /* Grants.json */ = {isa = PBXFileReference; fileEncoding = 4; lastKnownFileType = text.json; path = Grants.json; sourceTree = "<group>"; };
		884B87F224E3CE7C00035B1F /* Subjects.json */ = {isa = PBXFileReference; fileEncoding = 4; lastKnownFileType = text.json; path = Subjects.json; sourceTree = "<group>"; };
		884B87F424E3CE7D00035B1F /* Universities.json */ = {isa = PBXFileReference; fileEncoding = 4; lastKnownFileType = text.json; path = Universities.json; sourceTree = "<group>"; };
		88545CFA251DF0C10090A177 /* GlobalVariables.swift */ = {isa = PBXFileReference; lastKnownFileType = sourcecode.swift; path = GlobalVariables.swift; sourceTree = "<group>"; };
		88787A7D24E5199D00823A30 /* Specialties.json */ = {isa = PBXFileReference; fileEncoding = 4; lastKnownFileType = text.json; path = Specialties.json; sourceTree = "<group>"; };
		88787A7F24E52FC500823A30 /* PastTestController.swift */ = {isa = PBXFileReference; lastKnownFileType = sourcecode.swift; path = PastTestController.swift; sourceTree = "<group>"; };
		8885B0B024CC050A00E0489E /* PhoneController.swift */ = {isa = PBXFileReference; lastKnownFileType = sourcecode.swift; path = PhoneController.swift; sourceTree = "<group>"; };
		8885B0B224CC056000E0489E /* ValidationController.swift */ = {isa = PBXFileReference; lastKnownFileType = sourcecode.swift; path = ValidationController.swift; sourceTree = "<group>"; };
		8885B0B424CC059D00E0489E /* FeedBackController.swift */ = {isa = PBXFileReference; lastKnownFileType = sourcecode.swift; path = FeedBackController.swift; sourceTree = "<group>"; };
		8885B0B624CC05CC00E0489E /* ProfileController.swift */ = {isa = PBXFileReference; lastKnownFileType = sourcecode.swift; path = ProfileController.swift; sourceTree = "<group>"; };
		8885B0B824CC063100E0489E /* ResultController.swift */ = {isa = PBXFileReference; lastKnownFileType = sourcecode.swift; path = ResultController.swift; sourceTree = "<group>"; };
		8885B0BA24CC069000E0489E /* GraduatesController.swift */ = {isa = PBXFileReference; lastKnownFileType = sourcecode.swift; path = GraduatesController.swift; sourceTree = "<group>"; };
		8885B0BC24CC06F900E0489E /* StartTestController.swift */ = {isa = PBXFileReference; lastKnownFileType = sourcecode.swift; path = StartTestController.swift; sourceTree = "<group>"; };
		8885B0BE24CC071F00E0489E /* StartCoursesController.swift */ = {isa = PBXFileReference; lastKnownFileType = sourcecode.swift; path = StartCoursesController.swift; sourceTree = "<group>"; };
		8885B0C024CC077100E0489E /* CheckTestController.swift */ = {isa = PBXFileReference; lastKnownFileType = sourcecode.swift; path = CheckTestController.swift; sourceTree = "<group>"; };
		8885B0C224CC079D00E0489E /* TestingController.swift */ = {isa = PBXFileReference; lastKnownFileType = sourcecode.swift; path = TestingController.swift; sourceTree = "<group>"; };
		8887B33924C7E23900DCB849 /* Extensions.swift */ = {isa = PBXFileReference; lastKnownFileType = sourcecode.swift; path = Extensions.swift; sourceTree = "<group>"; };
		88B808D9251CA1470024C908 /* SendQuestionController.swift */ = {isa = PBXFileReference; lastKnownFileType = sourcecode.swift; path = SendQuestionController.swift; sourceTree = "<group>"; };
		88BA666D24CD48BC00E53329 /* UniversitiesController.swift */ = {isa = PBXFileReference; lastKnownFileType = sourcecode.swift; path = UniversitiesController.swift; sourceTree = "<group>"; };
		88BA666F24CD48DD00E53329 /* UniversitiesTableViewCell.swift */ = {isa = PBXFileReference; lastKnownFileType = sourcecode.swift; path = UniversitiesTableViewCell.swift; sourceTree = "<group>"; };
		88BA667224CD4B6E00E53329 /* DesignOfViewWithCR.swift */ = {isa = PBXFileReference; lastKnownFileType = sourcecode.swift; path = DesignOfViewWithCR.swift; sourceTree = "<group>"; };
		88BA667424CD4B9100E53329 /* DesignOfView.swift */ = {isa = PBXFileReference; lastKnownFileType = sourcecode.swift; path = DesignOfView.swift; sourceTree = "<group>"; };
		88BA667724CD4E4800E53329 /* GrantsController.swift */ = {isa = PBXFileReference; lastKnownFileType = sourcecode.swift; path = GrantsController.swift; sourceTree = "<group>"; };
		88BA667924CD4E7900E53329 /* GrantsTableViewCell.swift */ = {isa = PBXFileReference; lastKnownFileType = sourcecode.swift; path = GrantsTableViewCell.swift; sourceTree = "<group>"; };
		88BA667C24CD514C00E53329 /* SpecialtiesController.swift */ = {isa = PBXFileReference; lastKnownFileType = sourcecode.swift; path = SpecialtiesController.swift; sourceTree = "<group>"; };
		88BA667E24CD516300E53329 /* SpecialtiesTableViewCell.swift */ = {isa = PBXFileReference; lastKnownFileType = sourcecode.swift; path = SpecialtiesTableViewCell.swift; sourceTree = "<group>"; };
		88BA668124CD6FEF00E53329 /* CoursesController.swift */ = {isa = PBXFileReference; lastKnownFileType = sourcecode.swift; path = CoursesController.swift; sourceTree = "<group>"; };
		88BA668324CD706500E53329 /* CoursesTableViewCell.swift */ = {isa = PBXFileReference; lastKnownFileType = sourcecode.swift; path = CoursesTableViewCell.swift; sourceTree = "<group>"; };
		88C0B17524E11BCF0098F06E /* SettingsController.swift */ = {isa = PBXFileReference; lastKnownFileType = sourcecode.swift; path = SettingsController.swift; sourceTree = "<group>"; };
		88C0B17724E124060098F06E /* HistoryController.swift */ = {isa = PBXFileReference; lastKnownFileType = sourcecode.swift; path = HistoryController.swift; sourceTree = "<group>"; };
		88C0B17A24E124820098F06E /* HistoryTableViewCell.swift */ = {isa = PBXFileReference; lastKnownFileType = sourcecode.swift; path = HistoryTableViewCell.swift; sourceTree = "<group>"; };
		88C0B17D24E161ED0098F06E /* SubjectsController.swift */ = {isa = PBXFileReference; lastKnownFileType = sourcecode.swift; path = SubjectsController.swift; sourceTree = "<group>"; };
		88C0B17F24E1621E0098F06E /* SubjectsTableViewCell.swift */ = {isa = PBXFileReference; lastKnownFileType = sourcecode.swift; path = SubjectsTableViewCell.swift; sourceTree = "<group>"; };
		88C0B18224E1623F0098F06E /* LessonsController.swift */ = {isa = PBXFileReference; lastKnownFileType = sourcecode.swift; path = LessonsController.swift; sourceTree = "<group>"; };
		88C0B18424E1624F0098F06E /* LessonsTableViewCell.swift */ = {isa = PBXFileReference; lastKnownFileType = sourcecode.swift; path = LessonsTableViewCell.swift; sourceTree = "<group>"; };
		88C0B18624E165860098F06E /* ClassesController.swift */ = {isa = PBXFileReference; lastKnownFileType = sourcecode.swift; path = ClassesController.swift; sourceTree = "<group>"; };
		88C0B18924E1666D0098F06E /* ClassesTableViewCell.swift */ = {isa = PBXFileReference; lastKnownFileType = sourcecode.swift; path = ClassesTableViewCell.swift; sourceTree = "<group>"; };
		9669C2DA28A3EBC5F556A45E /* Pods_BilimCentre.framework */ = {isa = PBXFileReference; explicitFileType = wrapper.framework; includeInIndex = 0; path = Pods_BilimCentre.framework; sourceTree = BUILT_PRODUCTS_DIR; };
/* End PBXFileReference section */

/* Begin PBXFrameworksBuildPhase section */
		88472C4C24C5A08E00873241 /* Frameworks */ = {
			isa = PBXFrameworksBuildPhase;
			buildActionMask = 2147483647;
			files = (
				6B99307EBCA8C55F773E204A /* Pods_BilimCentre.framework in Frameworks */,
			);
			runOnlyForDeploymentPostprocessing = 0;
		};
/* End PBXFrameworksBuildPhase section */

/* Begin PBXGroup section */
		4D1B8E9E278C38149E270423 /* Frameworks */ = {
			isa = PBXGroup;
			children = (
				88230BAB24C6BD1B00833278 /* Alamofire.framework */,
				9669C2DA28A3EBC5F556A45E /* Pods_BilimCentre.framework */,
			);
			name = Frameworks;
			sourceTree = "<group>";
		};
		881511C424C8A83D002EBD60 /* SideBarController */ = {
			isa = PBXGroup;
			children = (
				881511C624C8A86E002EBD60 /* SWRevealViewController.h */,
				881511C724C8A86E002EBD60 /* SWRevealViewController.m */,
				881511C524C8A86D002EBD60 /* BilimCentre-Bridging-Header.h */,
				881511C924C8A9DE002EBD60 /* SideBarTableViewController.swift */,
				881511CB24C8ABCD002EBD60 /* SideBarController.swift */,
			);
			path = SideBarController;
			sourceTree = "<group>";
		};
		88472C4624C5A08D00873241 = {
			isa = PBXGroup;
			children = (
				88472C5124C5A08E00873241 /* BilimCentre */,
				88472C5024C5A08E00873241 /* Products */,
				9CB37B42EE3EA994A5A15795 /* Pods */,
				4D1B8E9E278C38149E270423 /* Frameworks */,
			);
			sourceTree = "<group>";
		};
		88472C5024C5A08E00873241 /* Products */ = {
			isa = PBXGroup;
			children = (
				88472C4F24C5A08E00873241 /* BilimCentre.app */,
			);
			name = Products;
			sourceTree = "<group>";
		};
		88472C5124C5A08E00873241 /* BilimCentre */ = {
			isa = PBXGroup;
			children = (
				884ACA1A24E64FE1002CD746 /* TestAnswers */,
				884B87F024E3CE6600035B1F /* JsonFiles */,
				88C0B18824E166500098F06E /* Classes */,
				88C0B18124E162230098F06E /* Lessons */,
				88C0B17C24E161D70098F06E /* Subjects */,
				88C0B17924E1242E0098F06E /* History */,
				88BA668024CD6E9300E53329 /* Courses */,
				88BA667B24CD513C00E53329 /* Specialties */,
				88BA667624CD4E1900E53329 /* Grants */,
				88BA667124CD4B5200E53329 /* Designs */,
				88BA666C24CD488D00E53329 /* Universities */,
				881511C424C8A83D002EBD60 /* SideBarController */,
				88472C5224C5A08E00873241 /* AppDelegate.swift */,
				88472C5624C5A08E00873241 /* ViewController.swift */,
				88472C5824C5A08E00873241 /* Main.storyboard */,
				88472C5E24C5A09000873241 /* Assets.xcassets */,
				88472C6024C5A09000873241 /* LaunchScreen.storyboard */,
				88472C6324C5A09000873241 /* Info.plist */,
				88472C5B24C5A08E00873241 /* BilimCentre.xcdatamodeld */,
				8887B33924C7E23900DCB849 /* Extensions.swift */,
				8885B0B024CC050A00E0489E /* PhoneController.swift */,
				8885B0B224CC056000E0489E /* ValidationController.swift */,
				8885B0B424CC059D00E0489E /* FeedBackController.swift */,
				8885B0B624CC05CC00E0489E /* ProfileController.swift */,
				8885B0B824CC063100E0489E /* ResultController.swift */,
				8885B0BA24CC069000E0489E /* GraduatesController.swift */,
				8885B0BC24CC06F900E0489E /* StartTestController.swift */,
				8885B0BE24CC071F00E0489E /* StartCoursesController.swift */,
				8885B0C024CC077100E0489E /* CheckTestController.swift */,
				8885B0C224CC079D00E0489E /* TestingController.swift */,
				88C0B17524E11BCF0098F06E /* SettingsController.swift */,
				88787A7F24E52FC500823A30 /* PastTestController.swift */,
				8809DF0F24E66440000D307A /* EditProfileController.swift */,
				88443BD624E7D20200AABF80 /* UserDefaultsKeys */,
				88443BD824E7D2EA00AABF80 /* WelcomeController.swift */,
				88B808D9251CA1470024C908 /* SendQuestionController.swift */,
				88545CFA251DF0C10090A177 /* GlobalVariables.swift */,
			);
			path = BilimCentre;
			sourceTree = "<group>";
		};
		884ACA1A24E64FE1002CD746 /* TestAnswers */ = {
			isa = PBXGroup;
			children = (
				884ACA1B24E64FFD002CD746 /* TestAnswersController.swift */,
				884ACA1D24E65036002CD746 /* TestAnswersTableViewCell.swift */,
			);
			path = TestAnswers;
			sourceTree = "<group>";
		};
		884B87F024E3CE6600035B1F /* JsonFiles */ = {
			isa = PBXGroup;
			children = (
				884B87F124E3CE7C00035B1F /* Grants.json */,
				884B87F224E3CE7C00035B1F /* Subjects.json */,
				88787A7D24E5199D00823A30 /* Specialties.json */,
				884B87F424E3CE7D00035B1F /* Universities.json */,
			);
			path = JsonFiles;
			sourceTree = "<group>";
		};
		88BA666C24CD488D00E53329 /* Universities */ = {
			isa = PBXGroup;
			children = (
				88BA666D24CD48BC00E53329 /* UniversitiesController.swift */,
				88BA666F24CD48DD00E53329 /* UniversitiesTableViewCell.swift */,
			);
			path = Universities;
			sourceTree = "<group>";
		};
		88BA667124CD4B5200E53329 /* Designs */ = {
			isa = PBXGroup;
			children = (
				88BA667224CD4B6E00E53329 /* DesignOfViewWithCR.swift */,
				88BA667424CD4B9100E53329 /* DesignOfView.swift */,
			);
			path = Designs;
			sourceTree = "<group>";
		};
		88BA667624CD4E1900E53329 /* Grants */ = {
			isa = PBXGroup;
			children = (
				88BA667724CD4E4800E53329 /* GrantsController.swift */,
				88BA667924CD4E7900E53329 /* GrantsTableViewCell.swift */,
			);
			path = Grants;
			sourceTree = "<group>";
		};
		88BA667B24CD513C00E53329 /* Specialties */ = {
			isa = PBXGroup;
			children = (
				88BA667C24CD514C00E53329 /* SpecialtiesController.swift */,
				88BA667E24CD516300E53329 /* SpecialtiesTableViewCell.swift */,
			);
			path = Specialties;
			sourceTree = "<group>";
		};
		88BA668024CD6E9300E53329 /* Courses */ = {
			isa = PBXGroup;
			children = (
				88BA668124CD6FEF00E53329 /* CoursesController.swift */,
				88BA668324CD706500E53329 /* CoursesTableViewCell.swift */,
			);
			path = Courses;
			sourceTree = "<group>";
		};
		88C0B17924E1242E0098F06E /* History */ = {
			isa = PBXGroup;
			children = (
				88C0B17724E124060098F06E /* HistoryController.swift */,
				88C0B17A24E124820098F06E /* HistoryTableViewCell.swift */,
			);
			path = History;
			sourceTree = "<group>";
		};
		88C0B17C24E161D70098F06E /* Subjects */ = {
			isa = PBXGroup;
			children = (
				88C0B17D24E161ED0098F06E /* SubjectsController.swift */,
				88C0B17F24E1621E0098F06E /* SubjectsTableViewCell.swift */,
			);
			path = Subjects;
			sourceTree = "<group>";
		};
		88C0B18124E162230098F06E /* Lessons */ = {
			isa = PBXGroup;
			children = (
				88C0B18224E1623F0098F06E /* LessonsController.swift */,
				88C0B18424E1624F0098F06E /* LessonsTableViewCell.swift */,
			);
			path = Lessons;
			sourceTree = "<group>";
		};
		88C0B18824E166500098F06E /* Classes */ = {
			isa = PBXGroup;
			children = (
				88C0B18624E165860098F06E /* ClassesController.swift */,
				88C0B18924E1666D0098F06E /* ClassesTableViewCell.swift */,
			);
			path = Classes;
			sourceTree = "<group>";
		};
		9CB37B42EE3EA994A5A15795 /* Pods */ = {
			isa = PBXGroup;
			children = (
				20ED92EBD248A50CE0E4BA88 /* Pods-BilimCentre.debug.xcconfig */,
				87E21C30C28298AA09D1D712 /* Pods-BilimCentre.release.xcconfig */,
			);
			path = Pods;
			sourceTree = "<group>";
		};
/* End PBXGroup section */

/* Begin PBXNativeTarget section */
		88472C4E24C5A08E00873241 /* BilimCentre */ = {
			isa = PBXNativeTarget;
			buildConfigurationList = 88472C6624C5A09000873241 /* Build configuration list for PBXNativeTarget "BilimCentre" */;
			buildPhases = (
				39CE1691BD6AA9AEEA3438F5 /* [CP] Check Pods Manifest.lock */,
				88472C4B24C5A08E00873241 /* Sources */,
				88472C4C24C5A08E00873241 /* Frameworks */,
				88472C4D24C5A08E00873241 /* Resources */,
				D9215F694C0D4DAB67EF753A /* [CP] Embed Pods Frameworks */,
			);
			buildRules = (
			);
			dependencies = (
			);
			name = BilimCentre;
			productName = BilimCentre;
			productReference = 88472C4F24C5A08E00873241 /* BilimCentre.app */;
			productType = "com.apple.product-type.application";
		};
/* End PBXNativeTarget section */

/* Begin PBXProject section */
		88472C4724C5A08D00873241 /* Project object */ = {
			isa = PBXProject;
			attributes = {
				LastSwiftUpdateCheck = 1160;
				LastUpgradeCheck = 1160;
				ORGANIZATIONNAME = XCode;
				TargetAttributes = {
					88472C4E24C5A08E00873241 = {
						CreatedOnToolsVersion = 11.6;
						LastSwiftMigration = 1160;
					};
				};
			};
			buildConfigurationList = 88472C4A24C5A08D00873241 /* Build configuration list for PBXProject "BilimCentre" */;
			compatibilityVersion = "Xcode 9.3";
			developmentRegion = en;
			hasScannedForEncodings = 0;
			knownRegions = (
				en,
				Base,
			);
			mainGroup = 88472C4624C5A08D00873241;
			productRefGroup = 88472C5024C5A08E00873241 /* Products */;
			projectDirPath = "";
			projectRoot = "";
			targets = (
				88472C4E24C5A08E00873241 /* BilimCentre */,
			);
		};
/* End PBXProject section */

/* Begin PBXResourcesBuildPhase section */
		88472C4D24C5A08E00873241 /* Resources */ = {
			isa = PBXResourcesBuildPhase;
			buildActionMask = 2147483647;
			files = (
				88787A7E24E5199E00823A30 /* Specialties.json in Resources */,
				88472C6224C5A09000873241 /* LaunchScreen.storyboard in Resources */,
				88472C5F24C5A09000873241 /* Assets.xcassets in Resources */,
				88443BD724E7D20200AABF80 /* UserDefaultsKeys in Resources */,
				884B87F824E3CE7D00035B1F /* Universities.json in Resources */,
				884B87F524E3CE7D00035B1F /* Grants.json in Resources */,
				884B87F624E3CE7D00035B1F /* Subjects.json in Resources */,
				88472C5A24C5A08E00873241 /* Main.storyboard in Resources */,
			);
			runOnlyForDeploymentPostprocessing = 0;
		};
/* End PBXResourcesBuildPhase section */

/* Begin PBXShellScriptBuildPhase section */
		39CE1691BD6AA9AEEA3438F5 /* [CP] Check Pods Manifest.lock */ = {
			isa = PBXShellScriptBuildPhase;
			buildActionMask = 2147483647;
			files = (
			);
			inputFileListPaths = (
			);
			inputPaths = (
				"${PODS_PODFILE_DIR_PATH}/Podfile.lock",
				"${PODS_ROOT}/Manifest.lock",
			);
			name = "[CP] Check Pods Manifest.lock";
			outputFileListPaths = (
			);
			outputPaths = (
				"$(DERIVED_FILE_DIR)/Pods-BilimCentre-checkManifestLockResult.txt",
			);
			runOnlyForDeploymentPostprocessing = 0;
			shellPath = /bin/sh;
			shellScript = "diff \"${PODS_PODFILE_DIR_PATH}/Podfile.lock\" \"${PODS_ROOT}/Manifest.lock\" > /dev/null\nif [ $? != 0 ] ; then\n    # print error to STDERR\n    echo \"error: The sandbox is not in sync with the Podfile.lock. Run 'pod install' or update your CocoaPods installation.\" >&2\n    exit 1\nfi\n# This output is used by Xcode 'outputs' to avoid re-running this script phase.\necho \"SUCCESS\" > \"${SCRIPT_OUTPUT_FILE_0}\"\n";
			showEnvVarsInLog = 0;
		};
		D9215F694C0D4DAB67EF753A /* [CP] Embed Pods Frameworks */ = {
			isa = PBXShellScriptBuildPhase;
			buildActionMask = 2147483647;
			files = (
			);
			inputFileListPaths = (
				"${PODS_ROOT}/Target Support Files/Pods-BilimCentre/Pods-BilimCentre-frameworks-${CONFIGURATION}-input-files.xcfilelist",
			);
			name = "[CP] Embed Pods Frameworks";
			outputFileListPaths = (
				"${PODS_ROOT}/Target Support Files/Pods-BilimCentre/Pods-BilimCentre-frameworks-${CONFIGURATION}-output-files.xcfilelist",
			);
			runOnlyForDeploymentPostprocessing = 0;
			shellPath = /bin/sh;
			shellScript = "\"${PODS_ROOT}/Target Support Files/Pods-BilimCentre/Pods-BilimCentre-frameworks.sh\"\n";
			showEnvVarsInLog = 0;
		};
/* End PBXShellScriptBuildPhase section */

/* Begin PBXSourcesBuildPhase section */
		88472C4B24C5A08E00873241 /* Sources */ = {
			isa = PBXSourcesBuildPhase;
			buildActionMask = 2147483647;
			files = (
				881511CC24C8ABCD002EBD60 /* SideBarController.swift in Sources */,
				8809DF1024E66440000D307A /* EditProfileController.swift in Sources */,
				881511CA24C8A9DE002EBD60 /* SideBarTableViewController.swift in Sources */,
				88BA668224CD6FEF00E53329 /* CoursesController.swift in Sources */,
				88BA667524CD4B9100E53329 /* DesignOfView.swift in Sources */,
				8887B33A24C7E23900DCB849 /* Extensions.swift in Sources */,
				88C0B18524E1624F0098F06E /* LessonsTableViewCell.swift in Sources */,
				88B808DA251CA1470024C908 /* SendQuestionController.swift in Sources */,
				88472C5724C5A08E00873241 /* ViewController.swift in Sources */,
				8885B0C324CC079D00E0489E /* TestingController.swift in Sources */,
				88472C5324C5A08E00873241 /* AppDelegate.swift in Sources */,
				8885B0B324CC056000E0489E /* ValidationController.swift in Sources */,
				88BA667D24CD514C00E53329 /* SpecialtiesController.swift in Sources */,
				8885B0C124CC077100E0489E /* CheckTestController.swift in Sources */,
				8885B0BB24CC069000E0489E /* GraduatesController.swift in Sources */,
				88C0B17E24E161ED0098F06E /* SubjectsController.swift in Sources */,
				88C0B18A24E1666D0098F06E /* ClassesTableViewCell.swift in Sources */,
				8885B0B524CC059D00E0489E /* FeedBackController.swift in Sources */,
				8885B0B724CC05CC00E0489E /* ProfileController.swift in Sources */,
				8885B0BF24CC071F00E0489E /* StartCoursesController.swift in Sources */,
				88BA667A24CD4E7900E53329 /* GrantsTableViewCell.swift in Sources */,
				8885B0B924CC063100E0489E /* ResultController.swift in Sources */,
				88BA667824CD4E4800E53329 /* GrantsController.swift in Sources */,
				88BA666E24CD48BC00E53329 /* UniversitiesController.swift in Sources */,
				88C0B18724E165860098F06E /* ClassesController.swift in Sources */,
				8885B0BD24CC06F900E0489E /* StartTestController.swift in Sources */,
				88443BD924E7D2EA00AABF80 /* WelcomeController.swift in Sources */,
				88472C5D24C5A08E00873241 /* BilimCentre.xcdatamodeld in Sources */,
				88787A8024E52FC500823A30 /* PastTestController.swift in Sources */,
				88BA668424CD706500E53329 /* CoursesTableViewCell.swift in Sources */,
				88C0B17824E124060098F06E /* HistoryController.swift in Sources */,
				88BA667F24CD516300E53329 /* SpecialtiesTableViewCell.swift in Sources */,
				88C0B17B24E124820098F06E /* HistoryTableViewCell.swift in Sources */,
				8885B0B124CC050A00E0489E /* PhoneController.swift in Sources */,
				88C0B18324E1623F0098F06E /* LessonsController.swift in Sources */,
				884ACA1E24E65036002CD746 /* TestAnswersTableViewCell.swift in Sources */,
				88C0B17624E11BCF0098F06E /* SettingsController.swift in Sources */,
				884ACA1C24E64FFD002CD746 /* TestAnswersController.swift in Sources */,
				88C0B18024E1621E0098F06E /* SubjectsTableViewCell.swift in Sources */,
				881511C824C8A86E002EBD60 /* SWRevealViewController.m in Sources */,
				88BA667324CD4B6E00E53329 /* DesignOfViewWithCR.swift in Sources */,
				88BA667024CD48DD00E53329 /* UniversitiesTableViewCell.swift in Sources */,
				88545CFB251DF0C10090A177 /* GlobalVariables.swift in Sources */,
			);
			runOnlyForDeploymentPostprocessing = 0;
		};
/* End PBXSourcesBuildPhase section */

/* Begin PBXVariantGroup section */
		88472C5824C5A08E00873241 /* Main.storyboard */ = {
			isa = PBXVariantGroup;
			children = (
				88472C5924C5A08E00873241 /* Base */,
			);
			name = Main.storyboard;
			sourceTree = "<group>";
		};
		88472C6024C5A09000873241 /* LaunchScreen.storyboard */ = {
			isa = PBXVariantGroup;
			children = (
				88472C6124C5A09000873241 /* Base */,
			);
			name = LaunchScreen.storyboard;
			sourceTree = "<group>";
		};
/* End PBXVariantGroup section */

/* Begin XCBuildConfiguration section */
		88472C6424C5A09000873241 /* Debug */ = {
			isa = XCBuildConfiguration;
			buildSettings = {
				ALWAYS_SEARCH_USER_PATHS = NO;
				CLANG_ANALYZER_NONNULL = YES;
				CLANG_ANALYZER_NUMBER_OBJECT_CONVERSION = YES_AGGRESSIVE;
				CLANG_CXX_LANGUAGE_STANDARD = "gnu++14";
				CLANG_CXX_LIBRARY = "libc++";
				CLANG_ENABLE_MODULES = YES;
				CLANG_ENABLE_OBJC_ARC = YES;
				CLANG_ENABLE_OBJC_WEAK = YES;
				CLANG_WARN_BLOCK_CAPTURE_AUTORELEASING = YES;
				CLANG_WARN_BOOL_CONVERSION = YES;
				CLANG_WARN_COMMA = YES;
				CLANG_WARN_CONSTANT_CONVERSION = YES;
				CLANG_WARN_DEPRECATED_OBJC_IMPLEMENTATIONS = YES;
				CLANG_WARN_DIRECT_OBJC_ISA_USAGE = YES_ERROR;
				CLANG_WARN_DOCUMENTATION_COMMENTS = YES;
				CLANG_WARN_EMPTY_BODY = YES;
				CLANG_WARN_ENUM_CONVERSION = YES;
				CLANG_WARN_INFINITE_RECURSION = YES;
				CLANG_WARN_INT_CONVERSION = YES;
				CLANG_WARN_NON_LITERAL_NULL_CONVERSION = YES;
				CLANG_WARN_OBJC_IMPLICIT_RETAIN_SELF = YES;
				CLANG_WARN_OBJC_LITERAL_CONVERSION = YES;
				CLANG_WARN_OBJC_ROOT_CLASS = YES_ERROR;
				CLANG_WARN_RANGE_LOOP_ANALYSIS = YES;
				CLANG_WARN_STRICT_PROTOTYPES = YES;
				CLANG_WARN_SUSPICIOUS_MOVE = YES;
				CLANG_WARN_UNGUARDED_AVAILABILITY = YES_AGGRESSIVE;
				CLANG_WARN_UNREACHABLE_CODE = YES;
				CLANG_WARN__DUPLICATE_METHOD_MATCH = YES;
				COPY_PHASE_STRIP = NO;
				DEBUG_INFORMATION_FORMAT = dwarf;
				ENABLE_STRICT_OBJC_MSGSEND = YES;
				ENABLE_TESTABILITY = YES;
				GCC_C_LANGUAGE_STANDARD = gnu11;
				GCC_DYNAMIC_NO_PIC = NO;
				GCC_NO_COMMON_BLOCKS = YES;
				GCC_OPTIMIZATION_LEVEL = 0;
				GCC_PREPROCESSOR_DEFINITIONS = (
					"DEBUG=1",
					"$(inherited)",
				);
				GCC_WARN_64_TO_32_BIT_CONVERSION = YES;
				GCC_WARN_ABOUT_RETURN_TYPE = YES_ERROR;
				GCC_WARN_UNDECLARED_SELECTOR = YES;
				GCC_WARN_UNINITIALIZED_AUTOS = YES_AGGRESSIVE;
				GCC_WARN_UNUSED_FUNCTION = YES;
				GCC_WARN_UNUSED_VARIABLE = YES;
				IPHONEOS_DEPLOYMENT_TARGET = 13.6;
				MTL_ENABLE_DEBUG_INFO = INCLUDE_SOURCE;
				MTL_FAST_MATH = YES;
				ONLY_ACTIVE_ARCH = YES;
				SDKROOT = iphoneos;
				SWIFT_ACTIVE_COMPILATION_CONDITIONS = DEBUG;
				SWIFT_OPTIMIZATION_LEVEL = "-Onone";
			};
			name = Debug;
		};
		88472C6524C5A09000873241 /* Release */ = {
			isa = XCBuildConfiguration;
			buildSettings = {
				ALWAYS_SEARCH_USER_PATHS = NO;
				CLANG_ANALYZER_NONNULL = YES;
				CLANG_ANALYZER_NUMBER_OBJECT_CONVERSION = YES_AGGRESSIVE;
				CLANG_CXX_LANGUAGE_STANDARD = "gnu++14";
				CLANG_CXX_LIBRARY = "libc++";
				CLANG_ENABLE_MODULES = YES;
				CLANG_ENABLE_OBJC_ARC = YES;
				CLANG_ENABLE_OBJC_WEAK = YES;
				CLANG_WARN_BLOCK_CAPTURE_AUTORELEASING = YES;
				CLANG_WARN_BOOL_CONVERSION = YES;
				CLANG_WARN_COMMA = YES;
				CLANG_WARN_CONSTANT_CONVERSION = YES;
				CLANG_WARN_DEPRECATED_OBJC_IMPLEMENTATIONS = YES;
				CLANG_WARN_DIRECT_OBJC_ISA_USAGE = YES_ERROR;
				CLANG_WARN_DOCUMENTATION_COMMENTS = YES;
				CLANG_WARN_EMPTY_BODY = YES;
				CLANG_WARN_ENUM_CONVERSION = YES;
				CLANG_WARN_INFINITE_RECURSION = YES;
				CLANG_WARN_INT_CONVERSION = YES;
				CLANG_WARN_NON_LITERAL_NULL_CONVERSION = YES;
				CLANG_WARN_OBJC_IMPLICIT_RETAIN_SELF = YES;
				CLANG_WARN_OBJC_LITERAL_CONVERSION = YES;
				CLANG_WARN_OBJC_ROOT_CLASS = YES_ERROR;
				CLANG_WARN_RANGE_LOOP_ANALYSIS = YES;
				CLANG_WARN_STRICT_PROTOTYPES = YES;
				CLANG_WARN_SUSPICIOUS_MOVE = YES;
				CLANG_WARN_UNGUARDED_AVAILABILITY = YES_AGGRESSIVE;
				CLANG_WARN_UNREACHABLE_CODE = YES;
				CLANG_WARN__DUPLICATE_METHOD_MATCH = YES;
				COPY_PHASE_STRIP = NO;
				DEBUG_INFORMATION_FORMAT = "dwarf-with-dsym";
				ENABLE_NS_ASSERTIONS = NO;
				ENABLE_STRICT_OBJC_MSGSEND = YES;
				GCC_C_LANGUAGE_STANDARD = gnu11;
				GCC_NO_COMMON_BLOCKS = YES;
				GCC_WARN_64_TO_32_BIT_CONVERSION = YES;
				GCC_WARN_ABOUT_RETURN_TYPE = YES_ERROR;
				GCC_WARN_UNDECLARED_SELECTOR = YES;
				GCC_WARN_UNINITIALIZED_AUTOS = YES_AGGRESSIVE;
				GCC_WARN_UNUSED_FUNCTION = YES;
				GCC_WARN_UNUSED_VARIABLE = YES;
				IPHONEOS_DEPLOYMENT_TARGET = 13.6;
				MTL_ENABLE_DEBUG_INFO = NO;
				MTL_FAST_MATH = YES;
				SDKROOT = iphoneos;
				SWIFT_COMPILATION_MODE = wholemodule;
				SWIFT_OPTIMIZATION_LEVEL = "-O";
				VALIDATE_PRODUCT = YES;
			};
			name = Release;
		};
		88472C6724C5A09000873241 /* Debug */ = {
			isa = XCBuildConfiguration;
			baseConfigurationReference = 20ED92EBD248A50CE0E4BA88 /* Pods-BilimCentre.debug.xcconfig */;
			buildSettings = {
				ASSETCATALOG_COMPILER_APPICON_NAME = AppIcon;
				CLANG_ENABLE_MODULES = YES;
				CODE_SIGN_IDENTITY = "iPhone Distribution";
				CODE_SIGN_STYLE = Manual;
				CURRENT_PROJECT_VERSION = 3;
				DEVELOPMENT_TEAM = 47NXUHN5L9;
				INFOPLIST_FILE = BilimCentre/Info.plist;
				IPHONEOS_DEPLOYMENT_TARGET = 12.4;
				LD_RUNPATH_SEARCH_PATHS = (
					"$(inherited)",
					"@executable_path/Frameworks",
				);
				MARKETING_VERSION = 1.1;
				PRODUCT_BUNDLE_IDENTIFIER = com.kz.BilimCentre;
				PRODUCT_NAME = "$(TARGET_NAME)";
				PROVISIONING_PROFILE_SPECIFIER = BilimCentreProfile;
				SWIFT_OBJC_BRIDGING_HEADER = "BilimCentre/SideBarController/BilimCentre-Bridging-Header.h";
				SWIFT_OPTIMIZATION_LEVEL = "-Onone";
				SWIFT_VERSION = 5.0;
				TARGETED_DEVICE_FAMILY = 1;
			};
			name = Debug;
		};
		88472C6824C5A09000873241 /* Release */ = {
			isa = XCBuildConfiguration;
			baseConfigurationReference = 87E21C30C28298AA09D1D712 /* Pods-BilimCentre.release.xcconfig */;
			buildSettings = {
				ASSETCATALOG_COMPILER_APPICON_NAME = AppIcon;
				CLANG_ENABLE_MODULES = YES;
				CODE_SIGN_IDENTITY = "iPhone Distribution";
				CODE_SIGN_STYLE = Manual;
				CURRENT_PROJECT_VERSION = 3;
				DEVELOPMENT_TEAM = 47NXUHN5L9;
				INFOPLIST_FILE = BilimCentre/Info.plist;
				IPHONEOS_DEPLOYMENT_TARGET = 12.4;
				LD_RUNPATH_SEARCH_PATHS = (
					"$(inherited)",
					"@executable_path/Frameworks",
				);
				MARKETING_VERSION = 1.1;
				PRODUCT_BUNDLE_IDENTIFIER = com.kz.BilimCentre;
				PRODUCT_NAME = "$(TARGET_NAME)";
				PROVISIONING_PROFILE_SPECIFIER = BilimCentreProfile;
				SWIFT_OBJC_BRIDGING_HEADER = "BilimCentre/SideBarController/BilimCentre-Bridging-Header.h";
				SWIFT_VERSION = 5.0;
				TARGETED_DEVICE_FAMILY = 1;
			};
			name = Release;
		};
/* End XCBuildConfiguration section */

/* Begin XCConfigurationList section */
		88472C4A24C5A08D00873241 /* Build configuration list for PBXProject "BilimCentre" */ = {
			isa = XCConfigurationList;
			buildConfigurations = (
				88472C6424C5A09000873241 /* Debug */,
				88472C6524C5A09000873241 /* Release */,
			);
			defaultConfigurationIsVisible = 0;
			defaultConfigurationName = Release;
		};
		88472C6624C5A09000873241 /* Build configuration list for PBXNativeTarget "BilimCentre" */ = {
			isa = XCConfigurationList;
			buildConfigurations = (
				88472C6724C5A09000873241 /* Debug */,
				88472C6824C5A09000873241 /* Release */,
			);
			defaultConfigurationIsVisible = 0;
			defaultConfigurationName = Release;
		};
/* End XCConfigurationList section */

/* Begin XCVersionGroup section */
		88472C5B24C5A08E00873241 /* BilimCentre.xcdatamodeld */ = {
			isa = XCVersionGroup;
			children = (
				88472C5C24C5A08E00873241 /* BilimCentre.xcdatamodel */,
			);
			currentVersion = 88472C5C24C5A08E00873241 /* BilimCentre.xcdatamodel */;
			path = BilimCentre.xcdatamodeld;
			sourceTree = "<group>";
			versionGroupType = wrapper.xcdatamodel;
		};
/* End XCVersionGroup section */
	};
	rootObject = 88472C4724C5A08D00873241 /* Project object */;
}
